{
  "name": "HUN",
  "lockfileVersion": 3,
  "requires": true,
  "packages": {
    "": {
      "dependencies": {
        "d3-parliament-chart": "^0.0.6"
      }
    },
    "node_modules/d3-parliament-chart": {
      "version": "0.0.6",
      "resolved": "https://registry.npmjs.org/d3-parliament-chart/-/d3-parliament-chart-0.0.6.tgz",
      "integrity": "sha512-DwMafcP8H+plwrcxrZ9rxOJJcehEPzV/yt7GBXRjf2qWQ4mFT49hE7v/6qjnRfR8NP4ybMAdX2IL0o/GyUV+yw==",
      "license": "MIT"
    }
  }
}
